
Microsoft Visual Studio Solution File, Format Version 12.00
# Visual Studio Version 17
VisualStudioVersion = 17.11.35219.272
MinimumVisualStudioVersion = 10.0.40219.1
Project("{888888A0-9F3D-457C-B088-3A5042F75D52}") = "Queue-Implementation", "Queue-Implementation\Queue-Implementation.pyproj", "{436E1FA5-E4B0-443E-82AE-A4ECB9268406}"
EndProject
Global
	GlobalSection(SolutionConfigurationPlatforms) = preSolution
		Debug|Any CPU = Debug|Any CPU
		Release|Any CPU = Release|Any CPU
	EndGlobalSection
	GlobalSection(ProjectConfigurationPlatforms) = postSolution
		{436E1FA5-E4B0-443E-82AE-A4ECB9268406}.Debug|Any CPU.ActiveCfg = Debug|Any CPU
		{436E1FA5-E4B0-443E-82AE-A4ECB9268406}.Release|Any CPU.ActiveCfg = Release|Any CPU
	EndGlobalSection
	GlobalSection(SolutionProperties) = preSolution
		HideSolutionNode = FALSE
	EndGlobalSection
	GlobalSection(ExtensibilityGlobals) = postSolution
		SolutionGuid = {E6986490-7078-4B1F-B8D8-E0608689A7A1}
	EndGlobalSection
EndGlobal
